{
  "lockfileVersion": 1,
  "workspaces": {
    "": {
      "name": "filc",
      "devDependencies": {
        "@biomejs/biome": "^2.1.4",
        "prettier": "^3.6.2",
        "turbo": "^2.5.5",
        "typescript": "5.8.3",
      },
    },
    "packages/tsconfig": {
      "name": "@filc/tsconfig",
      "version": "0.0.0",
      "devDependencies": {
        "@types/bun": "^1.2.19",
      },
    },
    "packages/ui": {
      "name": "@filc/ui",
      "version": "0.0.0",
      "dependencies": {
        "@radix-ui/react-slot": "^1.2.3",
        "class-variance-authority": "^0.7.1",
        "clsx": "^2.1.1",
        "lucide-react": "^0.539.0",
        "react": "^19.1.0",
        "react-dom": "^19.1.0",
        "tailwind-merge": "^3.3.1",
        "tw-animate-css": "^1.3.6",
      },
      "devDependencies": {
        "@filc/tsconfig": "*",
        "@types/react": "19.1.0",
        "@types/react-dom": "19.1.1",
        "typescript": "5.8.2",
      },
    },
    "services/authenticator": {
      "name": "authenticator",
      "dependencies": {
        "@orpc/server": "^1.7.11",
        "drizzle-orm": "^0.44.4",
        "drizzle-zod": "^0.8.3",
        "zod": "^4.0.17",
      },
      "devDependencies": {
        "@filc/tsconfig": "workspace:^",
        "@types/bun": "latest",
      },
      "peerDependencies": {
        "typescript": "^5",
      },
    },
  },
  "packages": {
    "@biomejs/biome": ["@biomejs/biome@2.1.4", "", { "optionalDependencies": { "@biomejs/cli-darwin-arm64": "2.1.4", "@biomejs/cli-darwin-x64": "2.1.4", "@biomejs/cli-linux-arm64": "2.1.4", "@biomejs/cli-linux-arm64-musl": "2.1.4", "@biomejs/cli-linux-x64": "2.1.4", "@biomejs/cli-linux-x64-musl": "2.1.4", "@biomejs/cli-win32-arm64": "2.1.4", "@biomejs/cli-win32-x64": "2.1.4" }, "bin": { "biome": "bin/biome" } }, "sha512-QWlrqyxsU0FCebuMnkvBIkxvPqH89afiJzjMl+z67ybutse590jgeaFdDurE9XYtzpjRGTI1tlUZPGWmbKsElA=="],

    "@biomejs/cli-darwin-arm64": ["@biomejs/cli-darwin-arm64@2.1.4", "", { "os": "darwin", "cpu": "arm64" }, "sha512-sCrNENE74I9MV090Wq/9Dg7EhPudx3+5OiSoQOkIe3DLPzFARuL1dOwCWhKCpA3I5RHmbrsbNSRfZwCabwd8Qg=="],

    "@biomejs/cli-darwin-x64": ["@biomejs/cli-darwin-x64@2.1.4", "", { "os": "darwin", "cpu": "x64" }, "sha512-gOEICJbTCy6iruBywBDcG4X5rHMbqCPs3clh3UQ+hRKlgvJTk4NHWQAyHOXvaLe+AxD1/TNX1jbZeffBJzcrOw=="],

    "@biomejs/cli-linux-arm64": ["@biomejs/cli-linux-arm64@2.1.4", "", { "os": "linux", "cpu": "arm64" }, "sha512-juhEkdkKR4nbUi5k/KRp1ocGPNWLgFRD4NrHZSveYrD6i98pyvuzmS9yFYgOZa5JhaVqo0HPnci0+YuzSwT2fw=="],

    "@biomejs/cli-linux-arm64-musl": ["@biomejs/cli-linux-arm64-musl@2.1.4", "", { "os": "linux", "cpu": "arm64" }, "sha512-nYr7H0CyAJPaLupFE2cH16KZmRC5Z9PEftiA2vWxk+CsFkPZQ6dBRdcC6RuS+zJlPc/JOd8xw3uCCt9Pv41WvQ=="],

    "@biomejs/cli-linux-x64": ["@biomejs/cli-linux-x64@2.1.4", "", { "os": "linux", "cpu": "x64" }, "sha512-Eoy9ycbhpJVYuR+LskV9s3uyaIkp89+qqgqhGQsWnp/I02Uqg2fXFblHJOpGZR8AxdB9ADy87oFVxn9MpFKUrw=="],

    "@biomejs/cli-linux-x64-musl": ["@biomejs/cli-linux-x64-musl@2.1.4", "", { "os": "linux", "cpu": "x64" }, "sha512-lvwvb2SQQHctHUKvBKptR6PLFCM7JfRjpCCrDaTmvB7EeZ5/dQJPhTYBf36BE/B4CRWR2ZiBLRYhK7hhXBCZAg=="],

    "@biomejs/cli-win32-arm64": ["@biomejs/cli-win32-arm64@2.1.4", "", { "os": "win32", "cpu": "arm64" }, "sha512-3WRYte7orvyi6TRfIZkDN9Jzoogbv+gSvR+b9VOXUg1We1XrjBg6WljADeVEaKTvOcpVdH0a90TwyOQ6ue4fGw=="],

    "@biomejs/cli-win32-x64": ["@biomejs/cli-win32-x64@2.1.4", "", { "os": "win32", "cpu": "x64" }, "sha512-tBc+W7anBPSFXGAoQW+f/+svkpt8/uXfRwDzN1DvnatkRMt16KIYpEi/iw8u9GahJlFv98kgHcIrSsZHZTR0sw=="],

    "@filc/tsconfig": ["@filc/tsconfig@workspace:packages/tsconfig"],

    "@filc/ui": ["@filc/ui@workspace:packages/ui"],

    "@orpc/client": ["@orpc/client@1.7.11", "", { "dependencies": { "@orpc/shared": "1.7.11", "@orpc/standard-server": "1.7.11", "@orpc/standard-server-fetch": "1.7.11", "@orpc/standard-server-peer": "1.7.11" } }, "sha512-lY0sLyuOnkq4R5Ly8SA+s+/SGnnRUPGQ1HYUM7xLPk9+eO0o4w+cAlT7OzfiVBJGfIBZV4rEBKd5N9xFn2txFA=="],

    "@orpc/contract": ["@orpc/contract@1.7.11", "", { "dependencies": { "@orpc/client": "1.7.11", "@orpc/shared": "1.7.11", "@standard-schema/spec": "^1.0.0", "openapi-types": "^12.1.3" } }, "sha512-pvAht1JFlWND9zzWipDZaqxfI9/TCTtuWjzjUq4BjIm2Wk/QVXgVAyMrcz3YiOhSQ0FhBRiEe6AYkNLeaYJW4w=="],

    "@orpc/server": ["@orpc/server@1.7.11", "", { "dependencies": { "@orpc/client": "1.7.11", "@orpc/contract": "1.7.11", "@orpc/shared": "1.7.11", "@orpc/standard-server": "1.7.11", "@orpc/standard-server-aws-lambda": "1.7.11", "@orpc/standard-server-fetch": "1.7.11", "@orpc/standard-server-node": "1.7.11", "@orpc/standard-server-peer": "1.7.11", "cookie": "^1.0.2" }, "peerDependencies": { "crossws": ">=0.3.4", "ws": ">=8.18.1" }, "optionalPeers": ["crossws", "ws"] }, "sha512-33sxCxrLWzax+wAlu+HdJIVbw4s4dLuvDIxsz4YnxCYSLu9vAuYBxkAblRwea58eXGxTmM9Rtj48ZmtSMw298Q=="],

    "@orpc/shared": ["@orpc/shared@1.7.11", "", { "dependencies": { "radash": "^12.1.1", "type-fest": "^4.39.1" } }, "sha512-7kNNSlC+McDpqGLLDnNubUqcxmxiHNPY5aBoAGQPgswUW1ycgGtGIo2h+1vSs7HFA6RcKqrp6s6EtbyxPac0qg=="],

    "@orpc/standard-server": ["@orpc/standard-server@1.7.11", "", { "dependencies": { "@orpc/shared": "1.7.11" } }, "sha512-GtsULSGWZihi8t35JANDXLMDSzfIIMoWYcDMNMNtsfXOzUrCCexdz5FtaI5mZBc0U/Gf0zfsany/PJGgFZDkuQ=="],

    "@orpc/standard-server-aws-lambda": ["@orpc/standard-server-aws-lambda@1.7.11", "", { "dependencies": { "@orpc/shared": "1.7.11", "@orpc/standard-server": "1.7.11", "@orpc/standard-server-fetch": "1.7.11", "@orpc/standard-server-node": "1.7.11" } }, "sha512-13KaR2wiSMeIQr1/FJ5mvO3XAMSwwwRQ4/bVuecc7idVT5YYU++weaYzmu0ly/NnzcJl2YrR2ajkG+YG4Osb5w=="],

    "@orpc/standard-server-fetch": ["@orpc/standard-server-fetch@1.7.11", "", { "dependencies": { "@orpc/shared": "1.7.11", "@orpc/standard-server": "1.7.11" } }, "sha512-DVMM7gL+BEJ9/pgEENnJbXuOqbr1X8wum/eaPJqSBuZupZHNanYV/lw1PxulzFnA7SmBUjKMpglm0kwGv7gavA=="],

    "@orpc/standard-server-node": ["@orpc/standard-server-node@1.7.11", "", { "dependencies": { "@orpc/shared": "1.7.11", "@orpc/standard-server": "1.7.11", "@orpc/standard-server-fetch": "1.7.11" } }, "sha512-9iwxMJse/u2vQK9h6kjyyXIqQFG37nH3JBsph4IF20TM6FGZx/hr4Ev42KQdwzCbQNX7NymM54N8S48zwlfmxg=="],

    "@orpc/standard-server-peer": ["@orpc/standard-server-peer@1.7.11", "", { "dependencies": { "@orpc/shared": "1.7.11", "@orpc/standard-server": "1.7.11" } }, "sha512-Rb9+ADnloA97T9tFmYQ95DXPyMD+SxMIk6ZTHY4CvgsfjjCgQIMVXEWXMm2CtD8804cTolqe9K8BCC5gHozjpg=="],

    "@radix-ui/react-compose-refs": ["@radix-ui/react-compose-refs@1.1.2", "", { "peerDependencies": { "@types/react": "*", "react": "^16.8 || ^17.0 || ^18.0 || ^19.0 || ^19.0.0-rc" }, "optionalPeers": ["@types/react"] }, "sha512-z4eqJvfiNnFMHIIvXP3CY57y2WJs5g2v3X0zm9mEJkrkNv4rDxu+sg9Jh8EkXyeqBkB7SOcboo9dMVqhyrACIg=="],

    "@radix-ui/react-slot": ["@radix-ui/react-slot@1.2.3", "", { "dependencies": { "@radix-ui/react-compose-refs": "1.1.2" }, "peerDependencies": { "@types/react": "*", "react": "^16.8 || ^17.0 || ^18.0 || ^19.0 || ^19.0.0-rc" }, "optionalPeers": ["@types/react"] }, "sha512-aeNmHnBxbi2St0au6VBVC7JXFlhLlOnvIIlePNniyUNAClzmtAUEY8/pBiK3iHjufOlwA+c20/8jngo7xcrg8A=="],

    "@standard-schema/spec": ["@standard-schema/spec@1.0.0", "", {}, "sha512-m2bOd0f2RT9k8QJx1JN85cZYyH1RqFBdlwtkSlf4tBDYLCiiZnv1fIIwacK6cqwXavOydf0NPToMQgpKq+dVlA=="],

    "@types/bun": ["@types/bun@1.2.19", "", { "dependencies": { "bun-types": "1.2.19" } }, "sha512-d9ZCmrH3CJ2uYKXQIUuZ/pUnTqIvLDS0SK7pFmbx8ma+ziH/FRMoAq5bYpRG7y+w1gl+HgyNZbtqgMq4W4e2Lg=="],

    "@types/node": ["@types/node@24.2.1", "", { "dependencies": { "undici-types": "~7.10.0" } }, "sha512-DRh5K+ka5eJic8CjH7td8QpYEV6Zo10gfRkjHCO3weqZHWDtAaSTFtl4+VMqOJ4N5jcuhZ9/l+yy8rVgw7BQeQ=="],

    "@types/react": ["@types/react@19.1.0", "", { "dependencies": { "csstype": "^3.0.2" } }, "sha512-UaicktuQI+9UKyA4njtDOGBD/67t8YEBt2xdfqu8+gP9hqPUPsiXlNPcpS2gVdjmis5GKPG3fCxbQLVgxsQZ8w=="],

    "@types/react-dom": ["@types/react-dom@19.1.1", "", { "peerDependencies": { "@types/react": "^19.0.0" } }, "sha512-jFf/woGTVTjUJsl2O7hcopJ1r0upqoq/vIOoCj0yLh3RIXxWcljlpuZ+vEBRXsymD1jhfeJrlyTy/S1UW+4y1w=="],

    "authenticator": ["authenticator@workspace:services/authenticator"],

    "bun-types": ["bun-types@1.2.19", "", { "dependencies": { "@types/node": "*" }, "peerDependencies": { "@types/react": "^19" } }, "sha512-uAOTaZSPuYsWIXRpj7o56Let0g/wjihKCkeRqUBhlLVM/Bt+Fj9xTo+LhC1OV1XDaGkz4hNC80et5xgy+9KTHQ=="],

    "class-variance-authority": ["class-variance-authority@0.7.1", "", { "dependencies": { "clsx": "^2.1.1" } }, "sha512-Ka+9Trutv7G8M6WT6SeiRWz792K5qEqIGEGzXKhAE6xOWAY6pPH8U+9IY3oCMv6kqTmLsv7Xh/2w2RigkePMsg=="],

    "clsx": ["clsx@2.1.1", "", {}, "sha512-eYm0QWBtUrBWZWG0d386OGAw16Z995PiOVo2B7bjWSbHedGl5e0ZWaq65kOGgUSNesEIDkB9ISbTg/JK9dhCZA=="],

    "cookie": ["cookie@1.0.2", "", {}, "sha512-9Kr/j4O16ISv8zBBhJoi4bXOYNTkFLOqSL3UDB0njXxCXNezjeyVrJyGOWtgfs/q2km1gwBcfH8q1yEGoMYunA=="],

    "csstype": ["csstype@3.1.3", "", {}, "sha512-M1uQkMl8rQK/szD0LNhtqxIPLpimGm8sOBwU7lLnCpSbTyY3yeU1Vc7l4KT5zT4s/yOxHH5O7tIuuLOCnLADRw=="],

    "drizzle-orm": ["drizzle-orm@0.44.4", "", { "peerDependencies": { "@aws-sdk/client-rds-data": ">=3", "@cloudflare/workers-types": ">=4", "@electric-sql/pglite": ">=0.2.0", "@libsql/client": ">=0.10.0", "@libsql/client-wasm": ">=0.10.0", "@neondatabase/serverless": ">=0.10.0", "@op-engineering/op-sqlite": ">=2", "@opentelemetry/api": "^1.4.1", "@planetscale/database": ">=1.13", "@prisma/client": "*", "@tidbcloud/serverless": "*", "@types/better-sqlite3": "*", "@types/pg": "*", "@types/sql.js": "*", "@upstash/redis": ">=1.34.7", "@vercel/postgres": ">=0.8.0", "@xata.io/client": "*", "better-sqlite3": ">=7", "bun-types": "*", "expo-sqlite": ">=14.0.0", "gel": ">=2", "knex": "*", "kysely": "*", "mysql2": ">=2", "pg": ">=8", "postgres": ">=3", "sql.js": ">=1", "sqlite3": ">=5" }, "optionalPeers": ["@aws-sdk/client-rds-data", "@cloudflare/workers-types", "@electric-sql/pglite", "@libsql/client", "@libsql/client-wasm", "@neondatabase/serverless", "@op-engineering/op-sqlite", "@opentelemetry/api", "@planetscale/database", "@prisma/client", "@tidbcloud/serverless", "@types/better-sqlite3", "@types/pg", "@types/sql.js", "@upstash/redis", "@vercel/postgres", "@xata.io/client", "better-sqlite3", "bun-types", "expo-sqlite", "gel", "knex", "kysely", "mysql2", "pg", "postgres", "sql.js", "sqlite3"] }, "sha512-ZyzKFpTC/Ut3fIqc2c0dPZ6nhchQXriTsqTNs4ayRgl6sZcFlMs9QZKPSHXK4bdOf41GHGWf+FrpcDDYwW+W6Q=="],

    "drizzle-zod": ["drizzle-zod@0.8.3", "", { "peerDependencies": { "drizzle-orm": ">=0.36.0", "zod": "^3.25.0 || ^4.0.0" } }, "sha512-66yVOuvGhKJnTdiqj1/Xaaz9/qzOdRJADpDa68enqS6g3t0kpNkwNYjUuaeXgZfO/UWuIM9HIhSlJ6C5ZraMww=="],

    "lucide-react": ["lucide-react@0.539.0", "", { "peerDependencies": { "react": "^16.5.1 || ^17.0.0 || ^18.0.0 || ^19.0.0" } }, "sha512-VVISr+VF2krO91FeuCrm1rSOLACQUYVy7NQkzrOty52Y8TlTPcXcMdQFj9bYzBgXbWCiywlwSZ3Z8u6a+6bMlg=="],

    "openapi-types": ["openapi-types@12.1.3", "", {}, "sha512-N4YtSYJqghVu4iek2ZUvcN/0aqH1kRDuNqzcycDxhOUpg7GdvLa2F3DgS6yBNhInhv2r/6I0Flkn7CqL8+nIcw=="],

    "prettier": ["prettier@3.6.2", "", { "bin": { "prettier": "bin/prettier.cjs" } }, "sha512-I7AIg5boAr5R0FFtJ6rCfD+LFsWHp81dolrFD8S79U9tb8Az2nGrJncnMSnys+bpQJfRUzqs9hnA81OAA3hCuQ=="],

    "radash": ["radash@12.1.1", "", {}, "sha512-h36JMxKRqrAxVD8201FrCpyeNuUY9Y5zZwujr20fFO77tpUtGa6EZzfKw/3WaiBX95fq7+MpsuMLNdSnORAwSA=="],

    "react": ["react@19.1.1", "", {}, "sha512-w8nqGImo45dmMIfljjMwOGtbmC/mk4CMYhWIicdSflH91J9TyCyczcPFXJzrZ/ZXcgGRFeP6BU0BEJTw6tZdfQ=="],

    "react-dom": ["react-dom@19.1.1", "", { "dependencies": { "scheduler": "^0.26.0" }, "peerDependencies": { "react": "^19.1.1" } }, "sha512-Dlq/5LAZgF0Gaz6yiqZCf6VCcZs1ghAJyrsu84Q/GT0gV+mCxbfmKNoGRKBYMJ8IEdGPqu49YWXD02GCknEDkw=="],

    "scheduler": ["scheduler@0.26.0", "", {}, "sha512-NlHwttCI/l5gCPR3D1nNXtWABUmBwvZpEQiD4IXSbIDq8BzLIK/7Ir5gTFSGZDUu37K5cMNp0hFtzO38sC7gWA=="],

    "tailwind-merge": ["tailwind-merge@3.3.1", "", {}, "sha512-gBXpgUm/3rp1lMZZrM/w7D8GKqshif0zAymAhbCyIt8KMe+0v9DQ7cdYLR4FHH/cKpdTXb+A/tKKU3eolfsI+g=="],

    "turbo": ["turbo@2.5.5", "", { "optionalDependencies": { "turbo-darwin-64": "2.5.5", "turbo-darwin-arm64": "2.5.5", "turbo-linux-64": "2.5.5", "turbo-linux-arm64": "2.5.5", "turbo-windows-64": "2.5.5", "turbo-windows-arm64": "2.5.5" }, "bin": { "turbo": "bin/turbo" } }, "sha512-eZ7wI6KjtT1eBqCnh2JPXWNUAxtoxxfi6VdBdZFvil0ychCOTxbm7YLRBi1JSt7U3c+u3CLxpoPxLdvr/Npr3A=="],

    "turbo-darwin-64": ["turbo-darwin-64@2.5.5", "", { "os": "darwin", "cpu": "x64" }, "sha512-RYnTz49u4F5tDD2SUwwtlynABNBAfbyT2uU/brJcyh5k6lDLyNfYKdKmqd3K2ls4AaiALWrFKVSBsiVwhdFNzQ=="],

    "turbo-darwin-arm64": ["turbo-darwin-arm64@2.5.5", "", { "os": "darwin", "cpu": "arm64" }, "sha512-Tk+ZeSNdBobZiMw9aFypQt0DlLsWSFWu1ymqsAdJLuPoAH05qCfYtRxE1pJuYHcJB5pqI+/HOxtJoQ40726Btw=="],

    "turbo-linux-64": ["turbo-linux-64@2.5.5", "", { "os": "linux", "cpu": "x64" }, "sha512-2/XvMGykD7VgsvWesZZYIIVXMlgBcQy+ZAryjugoTcvJv8TZzSU/B1nShcA7IAjZ0q7OsZ45uP2cOb8EgKT30w=="],

    "turbo-linux-arm64": ["turbo-linux-arm64@2.5.5", "", { "os": "linux", "cpu": "arm64" }, "sha512-DW+8CjCjybu0d7TFm9dovTTVg1VRnlkZ1rceO4zqsaLrit3DgHnN4to4uwyuf9s2V/BwS3IYcRy+HG9BL596Iw=="],

    "turbo-windows-64": ["turbo-windows-64@2.5.5", "", { "os": "win32", "cpu": "x64" }, "sha512-q5p1BOy8ChtSZfULuF1BhFMYIx6bevXu4fJ+TE/hyNfyHJIfjl90Z6jWdqAlyaFLmn99X/uw+7d6T/Y/dr5JwQ=="],

    "turbo-windows-arm64": ["turbo-windows-arm64@2.5.5", "", { "os": "win32", "cpu": "arm64" }, "sha512-AXbF1KmpHUq3PKQwddMGoKMYhHsy5t1YBQO8HZ04HLMR0rWv9adYlQ8kaeQJTko1Ay1anOBFTqaxfVOOsu7+1Q=="],

    "tw-animate-css": ["tw-animate-css@1.3.6", "", {}, "sha512-9dy0R9UsYEGmgf26L8UcHiLmSFTHa9+D7+dAt/G/sF5dCnPePZbfgDYinc7/UzAM7g/baVrmS6m9yEpU46d+LA=="],

    "type-fest": ["type-fest@4.41.0", "", {}, "sha512-TeTSQ6H5YHvpqVwBRcnLDCBnDOHWYu7IvGbHT6N8AOymcr9PJGjc1GTtiWZTYg0NCgYwvnYWEkVChQAr9bjfwA=="],

    "typescript": ["typescript@5.8.3", "", { "bin": { "tsc": "bin/tsc", "tsserver": "bin/tsserver" } }, "sha512-p1diW6TqL9L07nNxvRMM7hMMw4c5XOo/1ibL4aAIGmSAt9slTE1Xgw5KWuof2uTOvCg9BY7ZRi+GaF+7sfgPeQ=="],

    "undici-types": ["undici-types@7.10.0", "", {}, "sha512-t5Fy/nfn+14LuOc2KNYg75vZqClpAiqscVvMygNnlsHBFpSXdJaYtXMcdNLpl/Qvc3P2cB3s6lOV51nqsFq4ag=="],

    "zod": ["zod@4.0.17", "", {}, "sha512-1PHjlYRevNxxdy2JZ8JcNAw7rX8V9P1AKkP+x/xZfxB0K5FYfuV+Ug6P/6NVSR2jHQ+FzDDoDHS04nYUsOIyLQ=="],

    "@filc/ui/typescript": ["typescript@5.8.2", "", { "bin": { "tsc": "bin/tsc", "tsserver": "bin/tsserver" } }, "sha512-aJn6wq13/afZp/jT9QZmwEjDqqvSGp1VT5GVg+f/t6/oVyrgXM6BY1h9BRh/O5p3PlUPAe+WuiEZOmb/49RqoQ=="],
  }
}
